// !$*UTF8*$!
{
	archiveVersion = 1;
	classes = {
	};
	objectVersion = 46;
	objects = {

/* Begin PBXBuildFile section */
		0F28569B1C68096F00D1EFAD /* AppDelegate.swift in Sources */ = {isa = PBXBuildFile; fileRef = 0F28569A1C68096F00D1EFAD /* AppDelegate.swift */; };
		0F28569D1C68096F00D1EFAD /* ViewController.swift in Sources */ = {isa = PBXBuildFile; fileRef = 0F28569C1C68096F00D1EFAD /* ViewController.swift */; };
		0F2856A01C68096F00D1EFAD /* Main.storyboard in Resources */ = {isa = PBXBuildFile; fileRef = 0F28569E1C68096F00D1EFAD /* Main.storyboard */; };
		0F2856A21C68096F00D1EFAD /* Assets.xcassets in Resources */ = {isa = PBXBuildFile; fileRef = 0F2856A11C68096F00D1EFAD /* Assets.xcassets */; };
		0F2856A51C68096F00D1EFAD /* LaunchScreen.storyboard in Resources */ = {isa = PBXBuildFile; fileRef = 0F2856A31C68096F00D1EFAD /* LaunchScreen.storyboard */; };
		0F2856B01C68097000D1EFAD /* dropbox_siadnevaTests.swift in Sources */ = {isa = PBXBuildFile; fileRef = 0F2856AF1C68097000D1EFAD /* dropbox_siadnevaTests.swift */; };
		0F2856BB1C68097000D1EFAD /* dropbox_siadnevaUITests.swift in Sources */ = {isa = PBXBuildFile; fileRef = 0F2856BA1C68097000D1EFAD /* dropbox_siadnevaUITests.swift */; };
		0F2856CB1C68389E00D1EFAD /* chooseSignUpViewController.swift in Sources */ = {isa = PBXBuildFile; fileRef = 0F2856CA1C68389E00D1EFAD /* chooseSignUpViewController.swift */; };
		0F2856CE1C68393300D1EFAD /* chooseSignInViewController.swift in Sources */ = {isa = PBXBuildFile; fileRef = 0F2856CD1C68393200D1EFAD /* chooseSignInViewController.swift */; };
		0F2856D01C68422300D1EFAD /* SignInViewController.swift in Sources */ = {isa = PBXBuildFile; fileRef = 0F2856CF1C68422300D1EFAD /* SignInViewController.swift */; };
		0F2856D21C68423700D1EFAD /* SignUpViewController.swift in Sources */ = {isa = PBXBuildFile; fileRef = 0F2856D11C68423700D1EFAD /* SignUpViewController.swift */; };
		0FA37E7A1C685713001A0806 /* passwordAssistViewController.swift in Sources */ = {isa = PBXBuildFile; fileRef = 0FA37E791C685713001A0806 /* passwordAssistViewController.swift */; };
		0FA37E7C1C68608E001A0806 /* doneTermsViewController.swift in Sources */ = {isa = PBXBuildFile; fileRef = 0FA37E7B1C68608E001A0806 /* doneTermsViewController.swift */; };
/* End PBXBuildFile section */

/* Begin PBXContainerItemProxy section */
		0F2856AC1C68097000D1EFAD /* PBXContainerItemProxy */ = {
			isa = PBXContainerItemProxy;
			containerPortal = 0F28568F1C68096F00D1EFAD /* Project object */;
			proxyType = 1;
			remoteGlobalIDString = 0F2856961C68096F00D1EFAD;
			remoteInfo = dropbox_siadneva;
		};
		0F2856B71C68097000D1EFAD /* PBXContainerItemProxy */ = {
			isa = PBXContainerItemProxy;
			containerPortal = 0F28568F1C68096F00D1EFAD /* Project object */;
			proxyType = 1;
			remoteGlobalIDString = 0F2856961C68096F00D1EFAD;
			remoteInfo = dropbox_siadneva;
		};
/* End PBXContainerItemProxy section */

/* Begin PBXFileReference section */
		0F2856971C68096F00D1EFAD /* dropbox_siadneva.app */ = {isa = PBXFileReference; explicitFileType = wrapper.application; includeInIndex = 0; path = dropbox_siadneva.app; sourceTree = BUILT_PRODUCTS_DIR; };
		0F28569A1C68096F00D1EFAD /* AppDelegate.swift */ = {isa = PBXFileReference; lastKnownFileType = sourcecode.swift; path = AppDelegate.swift; sourceTree = "<group>"; };
		0F28569C1C68096F00D1EFAD /* ViewController.swift */ = {isa = PBXFileReference; lastKnownFileType = sourcecode.swift; path = ViewController.swift; sourceTree = "<group>"; };
		0F28569F1C68096F00D1EFAD /* Base */ = {isa = PBXFileReference; lastKnownFileType = file.storyboard; name = Base; path = Base.lproj/Main.storyboard; sourceTree = "<group>"; };
		0F2856A11C68096F00D1EFAD /* Assets.xcassets */ = {isa = PBXFileReference; lastKnownFileType = folder.assetcatalog; path = Assets.xcassets; sourceTree = "<group>"; };
		0F2856A41C68096F00D1EFAD /* Base */ = {isa = PBXFileReference; lastKnownFileType = file.storyboard; name = Base; path = Base.lproj/LaunchScreen.storyboard; sourceTree = "<group>"; };
		0F2856A61C68096F00D1EFAD /* Info.plist */ = {isa = PBXFileReference; lastKnownFileType = text.plist.xml; path = Info.plist; sourceTree = "<group>"; };
		0F2856AB1C68097000D1EFAD /* dropbox_siadnevaTests.xctest */ = {isa = PBXFileReference; explicitFileType = wrapper.cfbundle; includeInIndex = 0; path = dropbox_siadnevaTests.xctest; sourceTree = BUILT_PRODUCTS_DIR; };
		0F2856AF1C68097000D1EFAD /* dropbox_siadnevaTests.swift */ = {isa = PBXFileReference; lastKnownFileType = sourcecode.swift; path = dropbox_siadnevaTests.swift; sourceTree = "<group>"; };
		0F2856B11C68097000D1EFAD /* Info.plist */ = {isa = PBXFileReference; lastKnownFileType = text.plist.xml; path = Info.plist; sourceTree = "<group>"; };
		0F2856B61C68097000D1EFAD /* dropbox_siadnevaUITests.xctest */ = {isa = PBXFileReference; explicitFileType = wrapper.cfbundle; includeInIndex = 0; path = dropbox_siadnevaUITests.xctest; sourceTree = BUILT_PRODUCTS_DIR; };
		0F2856BA1C68097000D1EFAD /* dropbox_siadnevaUITests.swift */ = {isa = PBXFileReference; lastKnownFileType = sourcecode.swift; path = dropbox_siadnevaUITests.swift; sourceTree = "<group>"; };
		0F2856BC1C68097000D1EFAD /* Info.plist */ = {isa = PBXFileReference; lastKnownFileType = text.plist.xml; path = Info.plist; sourceTree = "<group>"; };
		0F2856CA1C68389E00D1EFAD /* chooseSignUpViewController.swift */ = {isa = PBXFileReference; fileEncoding = 4; lastKnownFileType = sourcecode.swift; name = chooseSignUpViewController.swift; path = ../chooseSignUpViewController.swift; sourceTree = "<group>"; };
		0F2856CD1C68393200D1EFAD /* chooseSignInViewController.swift */ = {isa = PBXFileReference; fileEncoding = 4; lastKnownFileType = sourcecode.swift; path = chooseSignInViewController.swift; sourceTree = "<group>"; };
		0F2856CF1C68422300D1EFAD /* SignInViewController.swift */ = {isa = PBXFileReference; fileEncoding = 4; lastKnownFileType = sourcecode.swift; path = SignInViewController.swift; sourceTree = "<group>"; };
		0F2856D11C68423700D1EFAD /* SignUpViewController.swift */ = {isa = PBXFileReference; fileEncoding = 4; lastKnownFileType = sourcecode.swift; name = SignUpViewController.swift; path = ../SignUpViewController.swift; sourceTree = "<group>"; };
		0FA37E791C685713001A0806 /* passwordAssistViewController.swift */ = {isa = PBXFileReference; fileEncoding = 4; lastKnownFileType = sourcecode.swift; path = passwordAssistViewController.swift; sourceTree = "<group>"; };
		0FA37E7B1C68608E001A0806 /* doneTermsViewController.swift */ = {isa = PBXFileReference; fileEncoding = 4; lastKnownFileType = sourcecode.swift; path = doneTermsViewController.swift; sourceTree = "<group>"; };
/* End PBXFileReference section */

/* Begin PBXFrameworksBuildPhase section */
		0F2856941C68096F00D1EFAD /* Frameworks */ = {
			isa = PBXFrameworksBuildPhase;
			buildActionMask = 2147483647;
			files = (
			);
			runOnlyForDeploymentPostprocessing = 0;
		};
		0F2856A81C68097000D1EFAD /* Frameworks */ = {
			isa = PBXFrameworksBuildPhase;
			buildActionMask = 2147483647;
			files = (
			);
			runOnlyForDeploymentPostprocessing = 0;
		};
		0F2856B31C68097000D1EFAD /* Frameworks */ = {
			isa = PBXFrameworksBuildPhase;
			buildActionMask = 2147483647;
			files = (
			);
			runOnlyForDeploymentPostprocessing = 0;
		};
/* End PBXFrameworksBuildPhase section */

/* Begin PBXGroup section */
		0F28568E1C68096F00D1EFAD = {
			isa = PBXGroup;
			children = (
				0F2856991C68096F00D1EFAD /* dropbox_siadneva */,
				0F2856AE1C68097000D1EFAD /* dropbox_siadnevaTests */,
				0F2856B91C68097000D1EFAD /* dropbox_siadnevaUITests */,
				0F2856981C68096F00D1EFAD /* Products */,
			);
			sourceTree = "<group>";
		};
		0F2856981C68096F00D1EFAD /* Products */ = {
			isa = PBXGroup;
			children = (
				0F2856971C68096F00D1EFAD /* dropbox_siadneva.app */,
				0F2856AB1C68097000D1EFAD /* dropbox_siadnevaTests.xctest */,
				0F2856B61C68097000D1EFAD /* dropbox_siadnevaUITests.xctest */,
			);
			name = Products;
			sourceTree = "<group>";
		};
		0F2856991C68096F00D1EFAD /* dropbox_siadneva */ = {
			isa = PBXGroup;
			children = (
				0F2856CC1C6838B000D1EFAD /* View Controllers */,
				0F28569A1C68096F00D1EFAD /* AppDelegate.swift */,
				0F28569C1C68096F00D1EFAD /* ViewController.swift */,
				0F28569E1C68096F00D1EFAD /* Main.storyboard */,
				0F2856A11C68096F00D1EFAD /* Assets.xcassets */,
				0F2856A31C68096F00D1EFAD /* LaunchScreen.storyboard */,
				0F2856A61C68096F00D1EFAD /* Info.plist */,
			);
			path = dropbox_siadneva;
			sourceTree = "<group>";
		};
		0F2856AE1C68097000D1EFAD /* dropbox_siadnevaTests */ = {
			isa = PBXGroup;
			children = (
				0F2856AF1C68097000D1EFAD /* dropbox_siadnevaTests.swift */,
				0F2856B11C68097000D1EFAD /* Info.plist */,
			);
			path = dropbox_siadnevaTests;
			sourceTree = "<group>";
		};
		0F2856B91C68097000D1EFAD /* dropbox_siadnevaUITests */ = {
			isa = PBXGroup;
			children = (
				0F2856BA1C68097000D1EFAD /* dropbox_siadnevaUITests.swift */,
				0F2856BC1C68097000D1EFAD /* Info.plist */,
			);
			path = dropbox_siadnevaUITests;
			sourceTree = "<group>";
		};
		0F2856CC1C6838B000D1EFAD /* View Controllers */ = {
			isa = PBXGroup;
			children = (
				0F2856CA1C68389E00D1EFAD /* chooseSignUpViewController.swift */,
				0FA37E791C685713001A0806 /* passwordAssistViewController.swift */,
				0F2856CD1C68393200D1EFAD /* chooseSignInViewController.swift */,
				0F2856CF1C68422300D1EFAD /* SignInViewController.swift */,
				0F2856D11C68423700D1EFAD /* SignUpViewController.swift */,
				0FA37E7B1C68608E001A0806 /* doneTermsViewController.swift */,
			);
			name = "View Controllers";
			sourceTree = "<group>";
		};
/* End PBXGroup section */

/* Begin PBXNativeTarget section */
		0F2856961C68096F00D1EFAD /* dropbox_siadneva */ = {
			isa = PBXNativeTarget;
			buildConfigurationList = 0F2856BF1C68097000D1EFAD /* Build configuration list for PBXNativeTarget "dropbox_siadneva" */;
			buildPhases = (
				0F2856931C68096F00D1EFAD /* Sources */,
				0F2856941C68096F00D1EFAD /* Frameworks */,
				0F2856951C68096F00D1EFAD /* Resources */,
			);
			buildRules = (
			);
			dependencies = (
			);
			name = dropbox_siadneva;
			productName = dropbox_siadneva;
			productReference = 0F2856971C68096F00D1EFAD /* dropbox_siadneva.app */;
			productType = "com.apple.product-type.application";
		};
		0F2856AA1C68097000D1EFAD /* dropbox_siadnevaTests */ = {
			isa = PBXNativeTarget;
			buildConfigurationList = 0F2856C21C68097000D1EFAD /* Build configuration list for PBXNativeTarget "dropbox_siadnevaTests" */;
			buildPhases = (
				0F2856A71C68097000D1EFAD /* Sources */,
				0F2856A81C68097000D1EFAD /* Frameworks */,
				0F2856A91C68097000D1EFAD /* Resources */,
			);
			buildRules = (
			);
			dependencies = (
				0F2856AD1C68097000D1EFAD /* PBXTargetDependency */,
			);
			name = dropbox_siadnevaTests;
			productName = dropbox_siadnevaTests;
			productReference = 0F2856AB1C68097000D1EFAD /* dropbox_siadnevaTests.xctest */;
			productType = "com.apple.product-type.bundle.unit-test";
		};
		0F2856B51C68097000D1EFAD /* dropbox_siadnevaUITests */ = {
			isa = PBXNativeTarget;
			buildConfigurationList = 0F2856C51C68097000D1EFAD /* Build configuration list for PBXNativeTarget "dropbox_siadnevaUITests" */;
			buildPhases = (
				0F2856B21C68097000D1EFAD /* Sources */,
				0F2856B31C68097000D1EFAD /* Frameworks */,
				0F2856B41C68097000D1EFAD /* Resources */,
			);
			buildRules = (
			);
			dependencies = (
				0F2856B81C68097000D1EFAD /* PBXTargetDependency */,
			);
			name = dropbox_siadnevaUITests;
			productName = dropbox_siadnevaUITests;
			productReference = 0F2856B61C68097000D1EFAD /* dropbox_siadnevaUITests.xctest */;
			productType = "com.apple.product-type.bundle.ui-testing";
		};
/* End PBXNativeTarget section */

/* Begin PBXProject section */
		0F28568F1C68096F00D1EFAD /* Project object */ = {
			isa = PBXProject;
			attributes = {
				LastSwiftUpdateCheck = 0720;
				LastUpgradeCheck = 0720;
				ORGANIZATIONNAME = codepath;
				TargetAttributes = {
					0F2856961C68096F00D1EFAD = {
						CreatedOnToolsVersion = 7.2.1;
						DevelopmentTeam = F7D357G5P8;
					};
					0F2856AA1C68097000D1EFAD = {
						CreatedOnToolsVersion = 7.2.1;
						DevelopmentTeam = F7D357G5P8;
						TestTargetID = 0F2856961C68096F00D1EFAD;
					};
					0F2856B51C68097000D1EFAD = {
						CreatedOnToolsVersion = 7.2.1;
						DevelopmentTeam = F7D357G5P8;
						TestTargetID = 0F2856961C68096F00D1EFAD;
					};
				};
			};
			buildConfigurationList = 0F2856921C68096F00D1EFAD /* Build configuration list for PBXProject "dropbox_siadneva" */;
			compatibilityVersion = "Xcode 3.2";
			developmentRegion = English;
			hasScannedForEncodings = 0;
			knownRegions = (
				en,
				Base,
			);
			mainGroup = 0F28568E1C68096F00D1EFAD;
			productRefGroup = 0F2856981C68096F00D1EFAD /* Products */;
			projectDirPath = "";
			projectRoot = "";
			targets = (
				0F2856961C68096F00D1EFAD /* dropbox_siadneva */,
				0F2856AA1C68097000D1EFAD /* dropbox_siadnevaTests */,
				0F2856B51C68097000D1EFAD /* dropbox_siadnevaUITests */,
			);
		};
/* End PBXProject section */

/* Begin PBXResourcesBuildPhase section */
		0F2856951C68096F00D1EFAD /* Resources */ = {
			isa = PBXResourcesBuildPhase;
			buildActionMask = 2147483647;
			files = (
				0F2856A51C68096F00D1EFAD /* LaunchScreen.storyboard in Resources */,
				0F2856A21C68096F00D1EFAD /* Assets.xcassets in Resources */,
				0F2856A01C68096F00D1EFAD /* Main.storyboard in Resources */,
			);
			runOnlyForDeploymentPostprocessing = 0;
		};
		0F2856A91C68097000D1EFAD /* Resources */ = {
			isa = PBXResourcesBuildPhase;
			buildActionMask = 2147483647;
			files = (
			);
			runOnlyForDeploymentPostprocessing = 0;
		};
		0F2856B41C68097000D1EFAD /* Resources */ = {
			isa = PBXResourcesBuildPhase;
			buildActionMask = 2147483647;
			files = (
			);
			runOnlyForDeploymentPostprocessing = 0;
		};
/* End PBXResourcesBuildPhase section */

/* Begin PBXSourcesBuildPhase section */
		0F2856931C68096F00D1EFAD /* Sources */ = {
			isa = PBXSourcesBuildPhase;
			buildActionMask = 2147483647;
			files = (
				0FA37E7C1C68608E001A0806 /* doneTermsViewController.swift in Sources */,
				0F2856D21C68423700D1EFAD /* SignUpViewController.swift in Sources */,
				0F28569D1C68096F00D1EFAD /* ViewController.swift in Sources */,
				0F28569B1C68096F00D1EFAD /* AppDelegate.swift in Sources */,
				0F2856CE1C68393300D1EFAD /* chooseSignInViewController.swift in Sources */,
				0F2856D01C68422300D1EFAD /* SignInViewController.swift in Sources */,
				0FA37E7A1C685713001A0806 /* passwordAssistViewController.swift in Sources */,
				0F2856CB1C68389E00D1EFAD /* chooseSignUpViewController.swift in Sources */,
			);
			runOnlyForDeploymentPostprocessing = 0;
		};
		0F2856A71C68097000D1EFAD /* Sources */ = {
			isa = PBXSourcesBuildPhase;
			buildActionMask = 2147483647;
			files = (
				0F2856B01C68097000D1EFAD /* dropbox_siadnevaTests.swift in Sources */,
			);
			runOnlyForDeploymentPostprocessing = 0;
		};
		0F2856B21C68097000D1EFAD /* Sources */ = {
			isa = PBXSourcesBuildPhase;
			buildActionMask = 2147483647;
			files = (
				0F2856BB1C68097000D1EFAD /* dropbox_siadnevaUITests.swift in Sources */,
			);
			runOnlyForDeploymentPostprocessing = 0;
		};
/* End PBXSourcesBuildPhase section */

/* Begin PBXTargetDependency section */
		0F2856AD1C68097000D1EFAD /* PBXTargetDependency */ = {
			isa = PBXTargetDependency;
			target = 0F2856961C68096F00D1EFAD /* dropbox_siadneva */;
			targetProxy = 0F2856AC1C68097000D1EFAD /* PBXContainerItemProxy */;
		};
		0F2856B81C68097000D1EFAD /* PBXTargetDependency */ = {
			isa = PBXTargetDependency;
			target = 0F2856961C68096F00D1EFAD /* dropbox_siadneva */;
			targetProxy = 0F2856B71C68097000D1EFAD /* PBXContainerItemProxy */;
		};
/* End PBXTargetDependency section */

/* Begin PBXVariantGroup section */
		0F28569E1C68096F00D1EFAD /* Main.storyboard */ = {
			isa = PBXVariantGroup;
			children = (
				0F28569F1C68096F00D1EFAD /* Base */,
			);
			name = Main.storyboard;
			sourceTree = "<group>";
		};
		0F2856A31C68096F00D1EFAD /* LaunchScreen.storyboard */ = {
			isa = PBXVariantGroup;
			children = (
				0F2856A41C68096F00D1EFAD /* Base */,
			);
			name = LaunchScreen.storyboard;
			sourceTree = "<group>";
		};
/* End PBXVariantGroup section */

/* Begin XCBuildConfiguration section */
		0F2856BD1C68097000D1EFAD /* Debug */ = {
			isa = XCBuildConfiguration;
			buildSettings = {
				ALWAYS_SEARCH_USER_PATHS = NO;
				CLANG_CXX_LANGUAGE_STANDARD = "gnu++0x";
				CLANG_CXX_LIBRARY = "libc++";
				CLANG_ENABLE_MODULES = YES;
				CLANG_ENABLE_OBJC_ARC = YES;
				CLANG_WARN_BOOL_CONVERSION = YES;
				CLANG_WARN_CONSTANT_CONVERSION = YES;
				CLANG_WARN_DIRECT_OBJC_ISA_USAGE = YES_ERROR;
				CLANG_WARN_EMPTY_BODY = YES;
				CLANG_WARN_ENUM_CONVERSION = YES;
				CLANG_WARN_INT_CONVERSION = YES;
				CLANG_WARN_OBJC_ROOT_CLASS = YES_ERROR;
				CLANG_WARN_UNREACHABLE_CODE = YES;
				CLANG_WARN__DUPLICATE_METHOD_MATCH = YES;
				"CODE_SIGN_IDENTITY[sdk=iphoneos*]" = "iPhone Developer";
				COPY_PHASE_STRIP = NO;
				DEBUG_INFORMATION_FORMAT = dwarf;
				ENABLE_STRICT_OBJC_MSGSEND = YES;
				ENABLE_TESTABILITY = YES;
				GCC_C_LANGUAGE_STANDARD = gnu99;
				GCC_DYNAMIC_NO_PIC = NO;
				GCC_NO_COMMON_BLOCKS = YES;
				GCC_OPTIMIZATION_LEVEL = 0;
				GCC_PREPROCESSOR_DEFINITIONS = (
					"DEBUG=1",
					"$(inherited)",
				);
				GCC_WARN_64_TO_32_BIT_CONVERSION = YES;
				GCC_WARN_ABOUT_RETURN_TYPE = YES_ERROR;
				GCC_WARN_UNDECLARED_SELECTOR = YES;
				GCC_WARN_UNINITIALIZED_AUTOS = YES_AGGRESSIVE;
				GCC_WARN_UNUSED_FUNCTION = YES;
				GCC_WARN_UNUSED_VARIABLE = YES;
				IPHONEOS_DEPLOYMENT_TARGET = 9.2;
				MTL_ENABLE_DEBUG_INFO = YES;
				ONLY_ACTIVE_ARCH = YES;
				SDKROOT = iphoneos;
				SWIFT_OPTIMIZATION_LEVEL = "-Onone";
			};
			name = Debug;
		};
		0F2856BE1C68097000D1EFAD /* Release */ = {
			isa = XCBuildConfiguration;
			buildSettings = {
				ALWAYS_SEARCH_USER_PATHS = NO;
				CLANG_CXX_LANGUAGE_STANDARD = "gnu++0x";
				CLANG_CXX_LIBRARY = "libc++";
				CLANG_ENABLE_MODULES = YES;
				CLANG_ENABLE_OBJC_ARC = YES;
				CLANG_WARN_BOOL_CONVERSION = YES;
				CLANG_WARN_CONSTANT_CONVERSION = YES;
				CLANG_WARN_DIRECT_OBJC_ISA_USAGE = YES_ERROR;
				CLANG_WARN_EMPTY_BODY = YES;
				CLANG_WARN_ENUM_CONVERSION = YES;
				CLANG_WARN_INT_CONVERSION = YES;
				CLANG_WARN_OBJC_ROOT_CLASS = YES_ERROR;
				CLANG_WARN_UNREACHABLE_CODE = YES;
				CLANG_WARN__DUPLICATE_METHOD_MATCH = YES;
				"CODE_SIGN_IDENTITY[sdk=iphoneos*]" = "iPhone Developer";
				COPY_PHASE_STRIP = NO;
				DEBUG_INFORMATION_FORMAT = "dwarf-with-dsym";
				ENABLE_NS_ASSERTIONS = NO;
				ENABLE_STRICT_OBJC_MSGSEND = YES;
				GCC_C_LANGUAGE_STANDARD = gnu99;
				GCC_NO_COMMON_BLOCKS = YES;
				GCC_WARN_64_TO_32_BIT_CONVERSION = YES;
				GCC_WARN_ABOUT_RETURN_TYPE = YES_ERROR;
				GCC_WARN_UNDECLARED_SELECTOR = YES;
				GCC_WARN_UNINITIALIZED_AUTOS = YES_AGGRESSIVE;
				GCC_WARN_UNUSED_FUNCTION = YES;
				GCC_WARN_UNUSED_VARIABLE = YES;
				IPHONEOS_DEPLOYMENT_TARGET = 9.2;
				MTL_ENABLE_DEBUG_INFO = NO;
				SDKROOT = iphoneos;
				VALIDATE_PRODUCT = YES;
			};
			name = Release;
		};
		0F2856C01C68097000D1EFAD /* Debug */ = {
			isa = XCBuildConfiguration;
			buildSettings = {
				ASSETCATALOG_COMPILER_APPICON_NAME = AppIcon;
				INFOPLIST_FILE = dropbox_siadneva/Info.plist;
				LD_RUNPATH_SEARCH_PATHS = "$(inherited) @executable_path/Frameworks";
				PRODUCT_BUNDLE_IDENTIFIER = "com.codepath.dropbox-siadneva";
				PRODUCT_NAME = "$(TARGET_NAME)";
			};
			name = Debug;
		};
		0F2856C11C68097000D1EFAD /* Release */ = {
			isa = XCBuildConfiguration;
			buildSettings = {
				ASSETCATALOG_COMPILER_APPICON_NAME = AppIcon;
				INFOPLIST_FILE = dropbox_siadneva/Info.plist;
				LD_RUNPATH_SEARCH_PATHS = "$(inherited) @executable_path/Frameworks";
				PRODUCT_BUNDLE_IDENTIFIER = "com.codepath.dropbox-siadneva";
				PRODUCT_NAME = "$(TARGET_NAME)";
			};
			name = Release;
		};
		0F2856C31C68097000D1EFAD /* Debug */ = {
			isa = XCBuildConfiguration;
			buildSettings = {
				BUNDLE_LOADER = "$(TEST_HOST)";
				INFOPLIST_FILE = dropbox_siadnevaTests/Info.plist;
				LD_RUNPATH_SEARCH_PATHS = "$(inherited) @executable_path/Frameworks @loader_path/Frameworks";
				PRODUCT_BUNDLE_IDENTIFIER = "com.codepath.dropbox-siadnevaTests";
				PRODUCT_NAME = "$(TARGET_NAME)";
				TEST_HOST = "$(BUILT_PRODUCTS_DIR)/dropbox_siadneva.app/dropbox_siadneva";
			};
			name = Debug;
		};
		0F2856C41C68097000D1EFAD /* Release */ = {
			isa = XCBuildConfiguration;
			buildSettings = {
				BUNDLE_LOADER = "$(TEST_HOST)";
				INFOPLIST_FILE = dropbox_siadnevaTests/Info.plist;
				LD_RUNPATH_SEARCH_PATHS = "$(inherited) @executable_path/Frameworks @loader_path/Frameworks";
				PRODUCT_BUNDLE_IDENTIFIER = "com.codepath.dropbox-siadnevaTests";
				PRODUCT_NAME = "$(TARGET_NAME)";
				TEST_HOST = "$(BUILT_PRODUCTS_DIR)/dropbox_siadneva.app/dropbox_siadneva";
			};
			name = Release;
		};
		0F2856C61C68097000D1EFAD /* Debug */ = {
			isa = XCBuildConfiguration;
			buildSettings = {
				INFOPLIST_FILE = dropbox_siadnevaUITests/Info.plist;
				LD_RUNPATH_SEARCH_PATHS = "$(inherited) @executable_path/Frameworks @loader_path/Frameworks";
				PRODUCT_BUNDLE_IDENTIFIER = "com.codepath.dropbox-siadnevaUITests";
				PRODUCT_NAME = "$(TARGET_NAME)";
				TEST_TARGET_NAME = dropbox_siadneva;
				USES_XCTRUNNER = YES;
			};
			name = Debug;
		};
		0F2856C71C68097000D1EFAD /* Release */ = {
			isa = XCBuildConfiguration;
			buildSettings = {
				INFOPLIST_FILE = dropbox_siadnevaUITests/Info.plist;
				LD_RUNPATH_SEARCH_PATHS = "$(inherited) @executable_path/Frameworks @loader_path/Frameworks";
				PRODUCT_BUNDLE_IDENTIFIER = "com.codepath.dropbox-siadnevaUITests";
				PRODUCT_NAME = "$(TARGET_NAME)";
				TEST_TARGET_NAME = dropbox_siadneva;
				USES_XCTRUNNER = YES;
			};
			name = Release;
		};
/* End XCBuildConfiguration section */

/* Begin XCConfigurationList section */
		0F2856921C68096F00D1EFAD /* Build configuration list for PBXProject "dropbox_siadneva" */ = {
			isa = XCConfigurationList;
			buildConfigurations = (
				0F2856BD1C68097000D1EFAD /* Debug */,
				0F2856BE1C68097000D1EFAD /* Release */,
			);
			defaultConfigurationIsVisible = 0;
			defaultConfigurationName = Release;
		};
		0F2856BF1C68097000D1EFAD /* Build configuration list for PBXNativeTarget "dropbox_siadneva" */ = {
			isa = XCConfigurationList;
			buildConfigurations = (
				0F2856C01C68097000D1EFAD /* Debug */,
				0F2856C11C68097000D1EFAD /* Release */,
			);
			defaultConfigurationIsVisible = 0;
			defaultConfigurationName = Release;
		};
		0F2856C21C68097000D1EFAD /* Build configuration list for PBXNativeTarget "dropbox_siadnevaTests" */ = {
			isa = XCConfigurationList;
			buildConfigurations = (
				0F2856C31C68097000D1EFAD /* Debug */,
				0F2856C41C68097000D1EFAD /* Release */,
			);
			defaultConfigurationIsVisible = 0;
			defaultConfigurationName = Release;
		};
		0F2856C51C68097000D1EFAD /* Build configuration list for PBXNativeTarget "dropbox_siadnevaUITests" */ = {
			isa = XCConfigurationList;
			buildConfigurations = (
				0F2856C61C68097000D1EFAD /* Debug */,
				0F2856C71C68097000D1EFAD /* Release */,
			);
			defaultConfigurationIsVisible = 0;
			defaultConfigurationName = Release;
		};
/* End XCConfigurationList section */
	};
	rootObject = 0F28568F1C68096F00D1EFAD /* Project object */;
}
